// !$*UTF8*$!
{
	archiveVersion = 1;
	classes = {
	};
	objectVersion = 46;
	objects = {

/* Begin PBXBuildFile section */
		82CB4C731E0047350078F0E0 /* AppDelegate.swift in Sources */ = {isa = PBXBuildFile; fileRef = 82CB4C721E0047350078F0E0 /* AppDelegate.swift */; };
		82CB4C7B1E0047350078F0E0 /* IOSQuiz.xcdatamodeld in Sources */ = {isa = PBXBuildFile; fileRef = 82CB4C791E0047350078F0E0 /* IOSQuiz.xcdatamodeld */; };
		82CB4C7D1E0047350078F0E0 /* Assets.xcassets in Resources */ = {isa = PBXBuildFile; fileRef = 82CB4C7C1E0047350078F0E0 /* Assets.xcassets */; };
		82CB4C8B1E0047350078F0E0 /* IOSQuizTests.swift in Sources */ = {isa = PBXBuildFile; fileRef = 82CB4C8A1E0047350078F0E0 /* IOSQuizTests.swift */; };
		82CB4C961E0047350078F0E0 /* IOSQuizUITests.swift in Sources */ = {isa = PBXBuildFile; fileRef = 82CB4C951E0047350078F0E0 /* IOSQuizUITests.swift */; };
		82CB4CA41E004AF00078F0E0 /* Login.swift in Sources */ = {isa = PBXBuildFile; fileRef = 82CB4CA31E004AF00078F0E0 /* Login.swift */; };
		82CB4CA61E004B0D0078F0E0 /* LoginViewController.swift in Sources */ = {isa = PBXBuildFile; fileRef = 82CB4CA51E004B0D0078F0E0 /* LoginViewController.swift */; };
		82CB4CA81E0054670078F0E0 /* BodyView.swift in Sources */ = {isa = PBXBuildFile; fileRef = 82CB4CA71E0054670078F0E0 /* BodyView.swift */; };
		82CB4CAC1E0054A40078F0E0 /* BodyViewController.swift in Sources */ = {isa = PBXBuildFile; fileRef = 82CB4CAB1E0054A40078F0E0 /* BodyViewController.swift */; };
/* End PBXBuildFile section */

/* Begin PBXContainerItemProxy section */
		82CB4C871E0047350078F0E0 /* PBXContainerItemProxy */ = {
			isa = PBXContainerItemProxy;
			containerPortal = 82CB4C671E0047340078F0E0 /* Project object */;
			proxyType = 1;
			remoteGlobalIDString = 82CB4C6E1E0047340078F0E0;
			remoteInfo = IOSQuiz;
		};
		82CB4C921E0047350078F0E0 /* PBXContainerItemProxy */ = {
			isa = PBXContainerItemProxy;
			containerPortal = 82CB4C671E0047340078F0E0 /* Project object */;
			proxyType = 1;
			remoteGlobalIDString = 82CB4C6E1E0047340078F0E0;
			remoteInfo = IOSQuiz;
		};
/* End PBXContainerItemProxy section */

/* Begin PBXFileReference section */
		82CB4C6F1E0047350078F0E0 /* IOSQuiz.app */ = {isa = PBXFileReference; explicitFileType = wrapper.application; includeInIndex = 0; path = IOSQuiz.app; sourceTree = BUILT_PRODUCTS_DIR; };
		82CB4C721E0047350078F0E0 /* AppDelegate.swift */ = {isa = PBXFileReference; lastKnownFileType = sourcecode.swift; path = AppDelegate.swift; sourceTree = "<group>"; };
		82CB4C7A1E0047350078F0E0 /* IOSQuiz.xcdatamodel */ = {isa = PBXFileReference; lastKnownFileType = wrapper.xcdatamodel; path = IOSQuiz.xcdatamodel; sourceTree = "<group>"; };
		82CB4C7C1E0047350078F0E0 /* Assets.xcassets */ = {isa = PBXFileReference; lastKnownFileType = folder.assetcatalog; path = Assets.xcassets; sourceTree = "<group>"; };
		82CB4C811E0047350078F0E0 /* Info.plist */ = {isa = PBXFileReference; lastKnownFileType = text.plist.xml; path = Info.plist; sourceTree = "<group>"; };
		82CB4C861E0047350078F0E0 /* IOSQuizTests.xctest */ = {isa = PBXFileReference; explicitFileType = wrapper.cfbundle; includeInIndex = 0; path = IOSQuizTests.xctest; sourceTree = BUILT_PRODUCTS_DIR; };
		82CB4C8A1E0047350078F0E0 /* IOSQuizTests.swift */ = {isa = PBXFileReference; lastKnownFileType = sourcecode.swift; path = IOSQuizTests.swift; sourceTree = "<group>"; };
		82CB4C8C1E0047350078F0E0 /* Info.plist */ = {isa = PBXFileReference; lastKnownFileType = text.plist.xml; path = Info.plist; sourceTree = "<group>"; };
		82CB4C911E0047350078F0E0 /* IOSQuizUITests.xctest */ = {isa = PBXFileReference; explicitFileType = wrapper.cfbundle; includeInIndex = 0; path = IOSQuizUITests.xctest; sourceTree = BUILT_PRODUCTS_DIR; };
		82CB4C951E0047350078F0E0 /* IOSQuizUITests.swift */ = {isa = PBXFileReference; lastKnownFileType = sourcecode.swift; path = IOSQuizUITests.swift; sourceTree = "<group>"; };
		82CB4C971E0047350078F0E0 /* Info.plist */ = {isa = PBXFileReference; lastKnownFileType = text.plist.xml; path = Info.plist; sourceTree = "<group>"; };
		82CB4CA31E004AF00078F0E0 /* Login.swift */ = {isa = PBXFileReference; fileEncoding = 4; lastKnownFileType = sourcecode.swift; path = Login.swift; sourceTree = "<group>"; };
		82CB4CA51E004B0D0078F0E0 /* LoginViewController.swift */ = {isa = PBXFileReference; fileEncoding = 4; lastKnownFileType = sourcecode.swift; path = LoginViewController.swift; sourceTree = "<group>"; };
		82CB4CA71E0054670078F0E0 /* BodyView.swift */ = {isa = PBXFileReference; fileEncoding = 4; lastKnownFileType = sourcecode.swift; path = BodyView.swift; sourceTree = "<group>"; };
		82CB4CAB1E0054A40078F0E0 /* BodyViewController.swift */ = {isa = PBXFileReference; fileEncoding = 4; lastKnownFileType = sourcecode.swift; path = BodyViewController.swift; sourceTree = "<group>"; };
/* End PBXFileReference section */

/* Begin PBXFrameworksBuildPhase section */
		82CB4C6C1E0047340078F0E0 /* Frameworks */ = {
			isa = PBXFrameworksBuildPhase;
			buildActionMask = 2147483647;
			files = (
			);
			runOnlyForDeploymentPostprocessing = 0;
		};
		82CB4C831E0047350078F0E0 /* Frameworks */ = {
			isa = PBXFrameworksBuildPhase;
			buildActionMask = 2147483647;
			files = (
			);
			runOnlyForDeploymentPostprocessing = 0;
		};
		82CB4C8E1E0047350078F0E0 /* Frameworks */ = {
			isa = PBXFrameworksBuildPhase;
			buildActionMask = 2147483647;
			files = (
			);
			runOnlyForDeploymentPostprocessing = 0;
		};
/* End PBXFrameworksBuildPhase section */

/* Begin PBXGroup section */
		82CB4C661E0047340078F0E0 = {
			isa = PBXGroup;
			children = (
				82CB4C711E0047350078F0E0 /* IOSQuiz */,
				82CB4C891E0047350078F0E0 /* IOSQuizTests */,
				82CB4C941E0047350078F0E0 /* IOSQuizUITests */,
				82CB4C701E0047350078F0E0 /* Products */,
			);
			sourceTree = "<group>";
		};
		82CB4C701E0047350078F0E0 /* Products */ = {
			isa = PBXGroup;
			children = (
				82CB4C6F1E0047350078F0E0 /* IOSQuiz.app */,
				82CB4C861E0047350078F0E0 /* IOSQuizTests.xctest */,
				82CB4C911E0047350078F0E0 /* IOSQuizUITests.xctest */,
			);
			name = Products;
			sourceTree = "<group>";
		};
		82CB4C711E0047350078F0E0 /* IOSQuiz */ = {
			isa = PBXGroup;
			children = (
				82CB4C721E0047350078F0E0 /* AppDelegate.swift */,
				82CB4CA31E004AF00078F0E0 /* Login.swift */,
				82CB4CA51E004B0D0078F0E0 /* LoginViewController.swift */,
				82CB4CA71E0054670078F0E0 /* BodyView.swift */,
				82CB4CAB1E0054A40078F0E0 /* BodyViewController.swift */,
				82CB4C7C1E0047350078F0E0 /* Assets.xcassets */,
				82CB4C811E0047350078F0E0 /* Info.plist */,
				82CB4C791E0047350078F0E0 /* IOSQuiz.xcdatamodeld */,
			);
			path = IOSQuiz;
			sourceTree = "<group>";
		};
		82CB4C891E0047350078F0E0 /* IOSQuizTests */ = {
			isa = PBXGroup;
			children = (
				82CB4C8A1E0047350078F0E0 /* IOSQuizTests.swift */,
				82CB4C8C1E0047350078F0E0 /* Info.plist */,
			);
			path = IOSQuizTests;
			sourceTree = "<group>";
		};
		82CB4C941E0047350078F0E0 /* IOSQuizUITests */ = {
			isa = PBXGroup;
			children = (
				82CB4C951E0047350078F0E0 /* IOSQuizUITests.swift */,
				82CB4C971E0047350078F0E0 /* Info.plist */,
			);
			path = IOSQuizUITests;
			sourceTree = "<group>";
		};
/* End PBXGroup section */

/* Begin PBXNativeTarget section */
		82CB4C6E1E0047340078F0E0 /* IOSQuiz */ = {
			isa = PBXNativeTarget;
			buildConfigurationList = 82CB4C9A1E0047350078F0E0 /* Build configuration list for PBXNativeTarget "IOSQuiz" */;
			buildPhases = (
				82CB4C6B1E0047340078F0E0 /* Sources */,
				82CB4C6C1E0047340078F0E0 /* Frameworks */,
				82CB4C6D1E0047340078F0E0 /* Resources */,
			);
			buildRules = (
			);
			dependencies = (
			);
			name = IOSQuiz;
			productName = IOSQuiz;
			productReference = 82CB4C6F1E0047350078F0E0 /* IOSQuiz.app */;
			productType = "com.apple.product-type.application";
		};
		82CB4C851E0047350078F0E0 /* IOSQuizTests */ = {
			isa = PBXNativeTarget;
			buildConfigurationList = 82CB4C9D1E0047350078F0E0 /* Build configuration list for PBXNativeTarget "IOSQuizTests" */;
			buildPhases = (
				82CB4C821E0047350078F0E0 /* Sources */,
				82CB4C831E0047350078F0E0 /* Frameworks */,
				82CB4C841E0047350078F0E0 /* Resources */,
			);
			buildRules = (
			);
			dependencies = (
				82CB4C881E0047350078F0E0 /* PBXTargetDependency */,
			);
			name = IOSQuizTests;
			productName = IOSQuizTests;
			productReference = 82CB4C861E0047350078F0E0 /* IOSQuizTests.xctest */;
			productType = "com.apple.product-type.bundle.unit-test";
		};
		82CB4C901E0047350078F0E0 /* IOSQuizUITests */ = {
			isa = PBXNativeTarget;
			buildConfigurationList = 82CB4CA01E0047350078F0E0 /* Build configuration list for PBXNativeTarget "IOSQuizUITests" */;
			buildPhases = (
				82CB4C8D1E0047350078F0E0 /* Sources */,
				82CB4C8E1E0047350078F0E0 /* Frameworks */,
				82CB4C8F1E0047350078F0E0 /* Resources */,
			);
			buildRules = (
			);
			dependencies = (
				82CB4C931E0047350078F0E0 /* PBXTargetDependency */,
			);
			name = IOSQuizUITests;
			productName = IOSQuizUITests;
			productReference = 82CB4C911E0047350078F0E0 /* IOSQuizUITests.xctest */;
			productType = "com.apple.product-type.bundle.ui-testing";
		};
/* End PBXNativeTarget section */

/* Begin PBXProject section */
		82CB4C671E0047340078F0E0 /* Project object */ = {
			isa = PBXProject;
			attributes = {
				LastSwiftUpdateCheck = 0810;
				LastUpgradeCheck = 0810;
				ORGANIZATIONNAME = Inssoftjma;
				TargetAttributes = {
					82CB4C6E1E0047340078F0E0 = {
						CreatedOnToolsVersion = 8.1;
						DevelopmentTeam = SPKP68AK5U;
						ProvisioningStyle = Automatic;
					};
					82CB4C851E0047350078F0E0 = {
						CreatedOnToolsVersion = 8.1;
						DevelopmentTeam = SPKP68AK5U;
						ProvisioningStyle = Automatic;
						TestTargetID = 82CB4C6E1E0047340078F0E0;
					};
					82CB4C901E0047350078F0E0 = {
						CreatedOnToolsVersion = 8.1;
						DevelopmentTeam = SPKP68AK5U;
						ProvisioningStyle = Automatic;
						TestTargetID = 82CB4C6E1E0047340078F0E0;
					};
				};
			};
			buildConfigurationList = 82CB4C6A1E0047340078F0E0 /* Build configuration list for PBXProject "IOSQuiz" */;
			compatibilityVersion = "Xcode 3.2";
			developmentRegion = English;
			hasScannedForEncodings = 0;
			knownRegions = (
				en,
				Base,
			);
			mainGroup = 82CB4C661E0047340078F0E0;
			productRefGroup = 82CB4C701E0047350078F0E0 /* Products */;
			projectDirPath = "";
			projectRoot = "";
			targets = (
				82CB4C6E1E0047340078F0E0 /* IOSQuiz */,
				82CB4C851E0047350078F0E0 /* IOSQuizTests */,
				82CB4C901E0047350078F0E0 /* IOSQuizUITests */,
			);
		};
/* End PBXProject section */

/* Begin PBXResourcesBuildPhase section */
		82CB4C6D1E0047340078F0E0 /* Resources */ = {
			isa = PBXResourcesBuildPhase;
			buildActionMask = 2147483647;
			files = (
				82CB4C7D1E0047350078F0E0 /* Assets.xcassets in Resources */,
			);
			runOnlyForDeploymentPostprocessing = 0;
		};
		82CB4C841E0047350078F0E0 /* Resources */ = {
			isa = PBXResourcesBuildPhase;
			buildActionMask = 2147483647;
			files = (
			);
			runOnlyForDeploymentPostprocessing = 0;
		};
		82CB4C8F1E0047350078F0E0 /* Resources */ = {
			isa = PBXResourcesBuildPhase;
			buildActionMask = 2147483647;
			files = (
			);
			runOnlyForDeploymentPostprocessing = 0;
		};
/* End PBXResourcesBuildPhase section */

/* Begin PBXSourcesBuildPhase section */
		82CB4C6B1E0047340078F0E0 /* Sources */ = {
			isa = PBXSourcesBuildPhase;
			buildActionMask = 2147483647;
			files = (
				82CB4CA61E004B0D0078F0E0 /* LoginViewController.swift in Sources */,
				82CB4CA41E004AF00078F0E0 /* Login.swift in Sources */,
				82CB4CAC1E0054A40078F0E0 /* BodyViewController.swift in Sources */,
				82CB4CA81E0054670078F0E0 /* BodyView.swift in Sources */,
				82CB4C7B1E0047350078F0E0 /* IOSQuiz.xcdatamodeld in Sources */,
				82CB4C731E0047350078F0E0 /* AppDelegate.swift in Sources */,
			);
			runOnlyForDeploymentPostprocessing = 0;
		};
		82CB4C821E0047350078F0E0 /* Sources */ = {
			isa = PBXSourcesBuildPhase;
			buildActionMask = 2147483647;
			files = (
				82CB4C8B1E0047350078F0E0 /* IOSQuizTests.swift in Sources */,
			);
			runOnlyForDeploymentPostprocessing = 0;
		};
		82CB4C8D1E0047350078F0E0 /* Sources */ = {
			isa = PBXSourcesBuildPhase;
			buildActionMask = 2147483647;
			files = (
				82CB4C961E0047350078F0E0 /* IOSQuizUITests.swift in Sources */,
			);
			runOnlyForDeploymentPostprocessing = 0;
		};
/* End PBXSourcesBuildPhase section */

/* Begin PBXTargetDependency section */
		82CB4C881E0047350078F0E0 /* PBXTargetDependency */ = {
			isa = PBXTargetDependency;
			target = 82CB4C6E1E0047340078F0E0 /* IOSQuiz */;
			targetProxy = 82CB4C871E0047350078F0E0 /* PBXContainerItemProxy */;
		};
		82CB4C931E0047350078F0E0 /* PBXTargetDependency */ = {
			isa = PBXTargetDependency;
			target = 82CB4C6E1E0047340078F0E0 /* IOSQuiz */;
			targetProxy = 82CB4C921E0047350078F0E0 /* PBXContainerItemProxy */;
		};
/* End PBXTargetDependency section */

/* Begin XCBuildConfiguration section */
		82CB4C981E0047350078F0E0 /* Debug */ = {
			isa = XCBuildConfiguration;
			buildSettings = {
				ALWAYS_SEARCH_USER_PATHS = NO;
				CLANG_ANALYZER_NONNULL = YES;
				CLANG_CXX_LANGUAGE_STANDARD = "gnu++0x";
				CLANG_CXX_LIBRARY = "libc++";
				CLANG_ENABLE_MODULES = YES;
				CLANG_ENABLE_OBJC_ARC = YES;
				CLANG_WARN_BOOL_CONVERSION = YES;
				CLANG_WARN_CONSTANT_CONVERSION = YES;
				CLANG_WARN_DIRECT_OBJC_ISA_USAGE = YES_ERROR;
				CLANG_WARN_DOCUMENTATION_COMMENTS = YES;
				CLANG_WARN_EMPTY_BODY = YES;
				CLANG_WARN_ENUM_CONVERSION = YES;
				CLANG_WARN_INFINITE_RECURSION = YES;
				CLANG_WARN_INT_CONVERSION = YES;
				CLANG_WARN_OBJC_ROOT_CLASS = YES_ERROR;
				CLANG_WARN_SUSPICIOUS_MOVES = YES;
				CLANG_WARN_UNREACHABLE_CODE = YES;
				CLANG_WARN__DUPLICATE_METHOD_MATCH = YES;
				"CODE_SIGN_IDENTITY[sdk=iphoneos*]" = "iPhone Developer";
				COPY_PHASE_STRIP = NO;
				DEBUG_INFORMATION_FORMAT = dwarf;
				ENABLE_STRICT_OBJC_MSGSEND = YES;
				ENABLE_TESTABILITY = YES;
				GCC_C_LANGUAGE_STANDARD = gnu99;
				GCC_DYNAMIC_NO_PIC = NO;
				GCC_NO_COMMON_BLOCKS = YES;
				GCC_OPTIMIZATION_LEVEL = 0;
				GCC_PREPROCESSOR_DEFINITIONS = (
					"DEBUG=1",
					"$(inherited)",
				);
				GCC_WARN_64_TO_32_BIT_CONVERSION = YES;
				GCC_WARN_ABOUT_RETURN_TYPE = YES_ERROR;
				GCC_WARN_UNDECLARED_SELECTOR = YES;
				GCC_WARN_UNINITIALIZED_AUTOS = YES_AGGRESSIVE;
				GCC_WARN_UNUSED_FUNCTION = YES;
				GCC_WARN_UNUSED_VARIABLE = YES;
				IPHONEOS_DEPLOYMENT_TARGET = 10.1;
				MTL_ENABLE_DEBUG_INFO = YES;
				ONLY_ACTIVE_ARCH = YES;
				SDKROOT = iphoneos;
				SWIFT_ACTIVE_COMPILATION_CONDITIONS = DEBUG;
				SWIFT_OPTIMIZATION_LEVEL = "-Onone";
				TARGETED_DEVICE_FAMILY = "1,2";
			};
			name = Debug;
		};
		82CB4C991E0047350078F0E0 /* Release */ = {
			isa = XCBuildConfiguration;
			buildSettings = {
				ALWAYS_SEARCH_USER_PATHS = NO;
				CLANG_ANALYZER_NONNULL = YES;
				CLANG_CXX_LANGUAGE_STANDARD = "gnu++0x";
				CLANG_CXX_LIBRARY = "libc++";
				CLANG_ENABLE_MODULES = YES;
				CLANG_ENABLE_OBJC_ARC = YES;
				CLANG_WARN_BOOL_CONVERSION = YES;
				CLANG_WARN_CONSTANT_CONVERSION = YES;
				CLANG_WARN_DIRECT_OBJC_ISA_USAGE = YES_ERROR;
				CLANG_WARN_DOCUMENTATION_COMMENTS = YES;
				CLANG_WARN_EMPTY_BODY = YES;
				CLANG_WARN_ENUM_CONVERSION = YES;
				CLANG_WARN_INFINITE_RECURSION = YES;
				CLANG_WARN_INT_CONVERSION = YES;
				CLANG_WARN_OBJC_ROOT_CLASS = YES_ERROR;
				CLANG_WARN_SUSPICIOUS_MOVES = YES;
				CLANG_WARN_UNREACHABLE_CODE = YES;
				CLANG_WARN__DUPLICATE_METHOD_MATCH = YES;
				"CODE_SIGN_IDENTITY[sdk=iphoneos*]" = "iPhone Developer";
				COPY_PHASE_STRIP = NO;
				DEBUG_INFORMATION_FORMAT = "dwarf-with-dsym";
				ENABLE_NS_ASSERTIONS = NO;
				ENABLE_STRICT_OBJC_MSGSEND = YES;
				GCC_C_LANGUAGE_STANDARD = gnu99;
				GCC_NO_COMMON_BLOCKS = YES;
				GCC_WARN_64_TO_32_BIT_CONVERSION = YES;
				GCC_WARN_ABOUT_RETURN_TYPE = YES_ERROR;
				GCC_WARN_UNDECLARED_SELECTOR = YES;
				GCC_WARN_UNINITIALIZED_AUTOS = YES_AGGRESSIVE;
				GCC_WARN_UNUSED_FUNCTION = YES;
				GCC_WARN_UNUSED_VARIABLE = YES;
				IPHONEOS_DEPLOYMENT_TARGET = 10.1;
				MTL_ENABLE_DEBUG_INFO = NO;
				SDKROOT = iphoneos;
				SWIFT_OPTIMIZATION_LEVEL = "-Owholemodule";
				TARGETED_DEVICE_FAMILY = "1,2";
				VALIDATE_PRODUCT = YES;
			};
			name = Release;
		};
		82CB4C9B1E0047350078F0E0 /* Debug */ = {
			isa = XCBuildConfiguration;
			buildSettings = {
				ASSETCATALOG_COMPILER_APPICON_NAME = AppIcon;
				DEVELOPMENT_TEAM = SPKP68AK5U;
				INFOPLIST_FILE = IOSQuiz/Info.plist;
				LD_RUNPATH_SEARCH_PATHS = "$(inherited) @executable_path/Frameworks";
				PRODUCT_BUNDLE_IDENTIFIER = com.inssoftmx.IOSQuiz;
				PRODUCT_NAME = "$(TARGET_NAME)";
				SWIFT_VERSION = 3.0;
			};
			name = Debug;
		};
		82CB4C9C1E0047350078F0E0 /* Release */ = {
			isa = XCBuildConfiguration;
			buildSettings = {
				ASSETCATALOG_COMPILER_APPICON_NAME = AppIcon;
				DEVELOPMENT_TEAM = SPKP68AK5U;
				INFOPLIST_FILE = IOSQuiz/Info.plist;
				LD_RUNPATH_SEARCH_PATHS = "$(inherited) @executable_path/Frameworks";
				PRODUCT_BUNDLE_IDENTIFIER = com.inssoftmx.IOSQuiz;
				PRODUCT_NAME = "$(TARGET_NAME)";
				SWIFT_VERSION = 3.0;
			};
			name = Release;
		};
		82CB4C9E1E0047350078F0E0 /* Debug */ = {
			isa = XCBuildConfiguration;
			buildSettings = {
				ALWAYS_EMBED_SWIFT_STANDARD_LIBRARIES = YES;
				BUNDLE_LOADER = "$(TEST_HOST)";
				DEVELOPMENT_TEAM = SPKP68AK5U;
				INFOPLIST_FILE = IOSQuizTests/Info.plist;
				LD_RUNPATH_SEARCH_PATHS = "$(inherited) @executable_path/Frameworks @loader_path/Frameworks";
				PRODUCT_BUNDLE_IDENTIFIER = com.inssoftmx.IOSQuizTests;
				PRODUCT_NAME = "$(TARGET_NAME)";
				SWIFT_VERSION = 3.0;
				TEST_HOST = "$(BUILT_PRODUCTS_DIR)/IOSQuiz.app/IOSQuiz";
			};
			name = Debug;
		};
		82CB4C9F1E0047350078F0E0 /* Release */ = {
			isa = XCBuildConfiguration;
			buildSettings = {
				ALWAYS_EMBED_SWIFT_STANDARD_LIBRARIES = YES;
				BUNDLE_LOADER = "$(TEST_HOST)";
				DEVELOPMENT_TEAM = SPKP68AK5U;
				INFOPLIST_FILE = IOSQuizTests/Info.plist;
				LD_RUNPATH_SEARCH_PATHS = "$(inherited) @executable_path/Frameworks @loader_path/Frameworks";
				PRODUCT_BUNDLE_IDENTIFIER = com.inssoftmx.IOSQuizTests;
				PRODUCT_NAME = "$(TARGET_NAME)";
				SWIFT_VERSION = 3.0;
				TEST_HOST = "$(BUILT_PRODUCTS_DIR)/IOSQuiz.app/IOSQuiz";
			};
			name = Release;
		};
		82CB4CA11E0047350078F0E0 /* Debug */ = {
			isa = XCBuildConfiguration;
			buildSettings = {
				ALWAYS_EMBED_SWIFT_STANDARD_LIBRARIES = YES;
				DEVELOPMENT_TEAM = SPKP68AK5U;
				INFOPLIST_FILE = IOSQuizUITests/Info.plist;
				LD_RUNPATH_SEARCH_PATHS = "$(inherited) @executable_path/Frameworks @loader_path/Frameworks";
				PRODUCT_BUNDLE_IDENTIFIER = com.inssoftmx.IOSQuizUITests;
				PRODUCT_NAME = "$(TARGET_NAME)";
				SWIFT_VERSION = 3.0;
				TEST_TARGET_NAME = IOSQuiz;
			};
			name = Debug;
		};
		82CB4CA21E0047350078F0E0 /* Release */ = {
			isa = XCBuildConfiguration;
			buildSettings = {
				ALWAYS_EMBED_SWIFT_STANDARD_LIBRARIES = YES;
				DEVELOPMENT_TEAM = SPKP68AK5U;
				INFOPLIST_FILE = IOSQuizUITests/Info.plist;
				LD_RUNPATH_SEARCH_PATHS = "$(inherited) @executable_path/Frameworks @loader_path/Frameworks";
				PRODUCT_BUNDLE_IDENTIFIER = com.inssoftmx.IOSQuizUITests;
				PRODUCT_NAME = "$(TARGET_NAME)";
				SWIFT_VERSION = 3.0;
				TEST_TARGET_NAME = IOSQuiz;
			};
			name = Release;
		};
/* End XCBuildConfiguration section */

/* Begin XCConfigurationList section */
		82CB4C6A1E0047340078F0E0 /* Build configuration list for PBXProject "IOSQuiz" */ = {
			isa = XCConfigurationList;
			buildConfigurations = (
				82CB4C981E0047350078F0E0 /* Debug */,
				82CB4C991E0047350078F0E0 /* Release */,
			);
			defaultConfigurationIsVisible = 0;
			defaultConfigurationName = Release;
		};
		82CB4C9A1E0047350078F0E0 /* Build configuration list for PBXNativeTarget "IOSQuiz" */ = {
			isa = XCConfigurationList;
			buildConfigurations = (
				82CB4C9B1E0047350078F0E0 /* Debug */,
				82CB4C9C1E0047350078F0E0 /* Release */,
			);
			defaultConfigurationIsVisible = 0;
		};
		82CB4C9D1E0047350078F0E0 /* Build configuration list for PBXNativeTarget "IOSQuizTests" */ = {
			isa = XCConfigurationList;
			buildConfigurations = (
				82CB4C9E1E0047350078F0E0 /* Debug */,
				82CB4C9F1E0047350078F0E0 /* Release */,
			);
			defaultConfigurationIsVisible = 0;
		};
		82CB4CA01E0047350078F0E0 /* Build configuration list for PBXNativeTarget "IOSQuizUITests" */ = {
			isa = XCConfigurationList;
			buildConfigurations = (
				82CB4CA11E0047350078F0E0 /* Debug */,
				82CB4CA21E0047350078F0E0 /* Release */,
			);
			defaultConfigurationIsVisible = 0;
		};
/* End XCConfigurationList section */

/* Begin XCVersionGroup section */
		82CB4C791E0047350078F0E0 /* IOSQuiz.xcdatamodeld */ = {
			isa = XCVersionGroup;
			children = (
				82CB4C7A1E0047350078F0E0 /* IOSQuiz.xcdatamodel */,
			);
			currentVersion = 82CB4C7A1E0047350078F0E0 /* IOSQuiz.xcdatamodel */;
			path = IOSQuiz.xcdatamodeld;
			sourceTree = "<group>";
			versionGroupType = wrapper.xcdatamodel;
		};
/* End XCVersionGroup section */
	};
	rootObject = 82CB4C671E0047340078F0E0 /* Project object */;
}
